
Microsoft Visual Studio Solution File, Format Version 12.00
# Visual Studio Version 17
VisualStudioVersion = 17.10.34928.147
MinimumVisualStudioVersion = 10.0.40219.1
Project("{2150E333-8FDC-42A3-9474-1A3956D46DE8}") = "Services", "Services", "{76DD1120-2645-48DD-8D95-9520355AAAC3}"
EndProject
Project("{2150E333-8FDC-42A3-9474-1A3956D46DE8}") = "Catalog", "Catalog", "{7546ADEA-330A-48B6-BA1C-F0BE8A7D0255}"
EndProject
Project("{9A19103F-16F7-4668-BE54-9A1E7A4F7556}") = "Catalog.API", "..\src\Services\Catalog\Catalog.API\Catalog.API.csproj", "{59A5BC5A-09B3-4E20-948D-43FC42DA3580}"
EndProject
Global
	GlobalSection(SolutionConfigurationPlatforms) = preSolution
		Debug|Any CPU = Debug|Any CPU
		Release|Any CPU = Release|Any CPU
	EndGlobalSection
	GlobalSection(ProjectConfigurationPlatforms) = postSolution
		{59A5BC5A-09B3-4E20-948D-43FC42DA3580}.Debug|Any CPU.ActiveCfg = Debug|Any CPU
		{59A5BC5A-09B3-4E20-948D-43FC42DA3580}.Debug|Any CPU.Build.0 = Debug|Any CPU
		{59A5BC5A-09B3-4E20-948D-43FC42DA3580}.Release|Any CPU.ActiveCfg = Release|Any CPU
		{59A5BC5A-09B3-4E20-948D-43FC42DA3580}.Release|Any CPU.Build.0 = Release|Any CPU
	EndGlobalSection
	GlobalSection(SolutionProperties) = preSolution
		HideSolutionNode = FALSE
	EndGlobalSection
	GlobalSection(NestedProjects) = preSolution
		{7546ADEA-330A-48B6-BA1C-F0BE8A7D0255} = {76DD1120-2645-48DD-8D95-9520355AAAC3}
		{59A5BC5A-09B3-4E20-948D-43FC42DA3580} = {7546ADEA-330A-48B6-BA1C-F0BE8A7D0255}
	EndGlobalSection
	GlobalSection(ExtensibilityGlobals) = postSolution
		SolutionGuid = {6F7C9055-6A5B-4AD2-8FD5-99A6F4BCFF91}
	EndGlobalSection
EndGlobal
